
Microsoft Visual Studio Solution File, Format Version 12.00
# Visual Studio 2013
VisualStudioVersion = 12.0.21005.1
MinimumVisualStudioVersion = 10.0.40219.1
Project("{FAE04EC0-301F-11D3-BF4B-00C04F79EFBC}") = "QY.Stage.Web", "QY.Stage.Web\QY.Stage.Web.csproj", "{80DEE58B-9992-4D15-9B44-7F3FF81F7588}"
	ProjectSection(ProjectDependencies) = postProject
		{1D183251-B5F9-4D19-9A6C-856630EDC6A9} = {1D183251-B5F9-4D19-9A6C-856630EDC6A9}
		{B260D770-45B5-46C3-83FF-64EB70FDE489} = {B260D770-45B5-46C3-83FF-64EB70FDE489}
		{C0E6918E-953A-4B8E-9D9F-6D163FBD36F3} = {C0E6918E-953A-4B8E-9D9F-6D163FBD36F3}
		{9C7E7BB3-CD49-4E66-B26F-3C8803F1F6F0} = {9C7E7BB3-CD49-4E66-B26F-3C8803F1F6F0}
		{8245E7BF-2AAA-4834-95AE-5061611A592B} = {8245E7BF-2AAA-4834-95AE-5061611A592B}
	EndProjectSection
EndProject
Project("{2150E333-8FDC-42A3-9474-1A3956D46DE8}") = "Models", "Models", "{44D6DD79-7AAC-437A-8CC9-D37115D6E40A}"
EndProject
Project("{2150E333-8FDC-42A3-9474-1A3956D46DE8}") = "Frameworks", "Frameworks", "{3C78F109-B32F-45B5-9774-6EF5B529075E}"
EndProject
Project("{FAE04EC0-301F-11D3-BF4B-00C04F79EFBC}") = "QY.Stage.Frameworks.Utility", "QY.Stage.Frameworks.Utility\QY.Stage.Frameworks.Utility.csproj", "{C0E6918E-953A-4B8E-9D9F-6D163FBD36F3}"
EndProject
Project("{FAE04EC0-301F-11D3-BF4B-00C04F79EFBC}") = "QY.Stage.Frameworks.Web", "QY.Stage.Frameworks.Web\QY.Stage.Frameworks.Web.csproj", "{668E24C7-73AF-4EEA-B673-AF629156C4C3}"
EndProject
Project("{2150E333-8FDC-42A3-9474-1A3956D46DE8}") = "Core", "Core", "{DDB1DECB-E10D-4DF5-AF1A-6C60DAFBF335}"
EndProject
Project("{FAE04EC0-301F-11D3-BF4B-00C04F79EFBC}") = "QY.Stage.Frameworks.DAL", "QY.Stage.Frameworks.DAL\QY.Stage.Frameworks.DAL.csproj", "{B260D770-45B5-46C3-83FF-64EB70FDE489}"
	ProjectSection(ProjectDependencies) = postProject
		{8245E7BF-2AAA-4834-95AE-5061611A592B} = {8245E7BF-2AAA-4834-95AE-5061611A592B}
	EndProjectSection
EndProject
Project("{FAE04EC0-301F-11D3-BF4B-00C04F79EFBC}") = "QY.Stage.Frameworks.BLL", "QY.Stage.Frameworks.BLL\QY.Stage.Frameworks.BLL.csproj", "{9C7E7BB3-CD49-4E66-B26F-3C8803F1F6F0}"
	ProjectSection(ProjectDependencies) = postProject
		{B260D770-45B5-46C3-83FF-64EB70FDE489} = {B260D770-45B5-46C3-83FF-64EB70FDE489}
		{8245E7BF-2AAA-4834-95AE-5061611A592B} = {8245E7BF-2AAA-4834-95AE-5061611A592B}
	EndProjectSection
EndProject
Project("{FAE04EC0-301F-11D3-BF4B-00C04F79EFBC}") = "CodeGenerator", "CodeGeneral\CodeGenerator.csproj", "{4E172D0E-58E8-44D9-AAD1-975199BC4B80}"
EndProject
Project("{FAE04EC0-301F-11D3-BF4B-00C04F79EFBC}") = "QY.Stage.ViewModel", "QY.Stage.ViewModel\QY.Stage.ViewModel.csproj", "{1D183251-B5F9-4D19-9A6C-856630EDC6A9}"
EndProject
Project("{FAE04EC0-301F-11D3-BF4B-00C04F79EFBC}") = "QY.Stage.PocoModel", "QY.Stage.PocoModel\QY.Stage.PocoModel.csproj", "{8245E7BF-2AAA-4834-95AE-5061611A592B}"
EndProject
Project("{2150E333-8FDC-42A3-9474-1A3956D46DE8}") = "测试工具", "测试工具", "{5B79EC91-D866-4C27-9DBC-6BDC806CC09D}"
EndProject
Project("{FAE04EC0-301F-11D3-BF4B-00C04F79EFBC}") = "Tools.HttpClient", "Tools.HttpClient\Tools.HttpClient.csproj", "{D9637C12-FE3D-4057-A1D0-A9154A6BAB92}"
EndProject
Project("{FAE04EC0-301F-11D3-BF4B-00C04F79EFBC}") = "Tools.Data2Mssql", "Tools.Data2Mssql\Tools.Data2Mssql.csproj", "{364F96C2-798F-47C9-BF5F-3F7B0BBBCDE4}"
EndProject
Project("{FAE04EC0-301F-11D3-BF4B-00C04F79EFBC}") = "Tools.Encrypt", "Tools.Encrypt\Tools.Encrypt.csproj", "{3B581B36-9FA0-4529-9D90-9F505B58B9A0}"
EndProject
Project("{FAE04EC0-301F-11D3-BF4B-00C04F79EFBC}") = "Tools.Encrypt.Win32", "Tools.Encrypt.Win32\Tools.Encrypt.Win32.csproj", "{82B5D419-A186-432A-949D-940D4B6412FD}"
EndProject
Project("{FAE04EC0-301F-11D3-BF4B-00C04F79EFBC}") = "Tools.Thread.Win32", "Tools.Thread.Win32\Tools.Thread.Win32.csproj", "{F81AD01C-B71F-409F-BD27-DDC10560E447}"
EndProject
Project("{2150E333-8FDC-42A3-9474-1A3956D46DE8}") = "24DesignPattern", "24DesignPattern", "{B7F7DE7A-6D6F-47A0-B663-1DE2220ECC88}"
	ProjectSection(SolutionItems) = preProject
		描述.txt = 描述.txt
	EndProjectSection
EndProject
Project("{FAE04EC0-301F-11D3-BF4B-00C04F79EFBC}") = "Generator", "Generator\Generator.csproj", "{5789D837-FC28-4EE2-AE41-1F787CA438D6}"
EndProject
Project("{FAE04EC0-301F-11D3-BF4B-00C04F79EFBC}") = "NVelocity", "NVelocity\NVelocity.csproj", "{C2231457-4E48-4F2C-9925-085B63143A40}"
EndProject
Global
	GlobalSection(SolutionConfigurationPlatforms) = preSolution
		Debug|Any CPU = Debug|Any CPU
		Release|Any CPU = Release|Any CPU
	EndGlobalSection
	GlobalSection(ProjectConfigurationPlatforms) = postSolution
		{80DEE58B-9992-4D15-9B44-7F3FF81F7588}.Debug|Any CPU.ActiveCfg = Debug|Any CPU
		{80DEE58B-9992-4D15-9B44-7F3FF81F7588}.Debug|Any CPU.Build.0 = Debug|Any CPU
		{80DEE58B-9992-4D15-9B44-7F3FF81F7588}.Release|Any CPU.ActiveCfg = Release|Any CPU
		{80DEE58B-9992-4D15-9B44-7F3FF81F7588}.Release|Any CPU.Build.0 = Release|Any CPU
		{C0E6918E-953A-4B8E-9D9F-6D163FBD36F3}.Debug|Any CPU.ActiveCfg = Debug|Any CPU
		{C0E6918E-953A-4B8E-9D9F-6D163FBD36F3}.Debug|Any CPU.Build.0 = Debug|Any CPU
		{C0E6918E-953A-4B8E-9D9F-6D163FBD36F3}.Release|Any CPU.ActiveCfg = Release|Any CPU
		{C0E6918E-953A-4B8E-9D9F-6D163FBD36F3}.Release|Any CPU.Build.0 = Release|Any CPU
		{668E24C7-73AF-4EEA-B673-AF629156C4C3}.Debug|Any CPU.ActiveCfg = Debug|Any CPU
		{668E24C7-73AF-4EEA-B673-AF629156C4C3}.Debug|Any CPU.Build.0 = Debug|Any CPU
		{668E24C7-73AF-4EEA-B673-AF629156C4C3}.Release|Any CPU.ActiveCfg = Release|Any CPU
		{668E24C7-73AF-4EEA-B673-AF629156C4C3}.Release|Any CPU.Build.0 = Release|Any CPU
		{B260D770-45B5-46C3-83FF-64EB70FDE489}.Debug|Any CPU.ActiveCfg = Debug|Any CPU
		{B260D770-45B5-46C3-83FF-64EB70FDE489}.Debug|Any CPU.Build.0 = Debug|Any CPU
		{B260D770-45B5-46C3-83FF-64EB70FDE489}.Release|Any CPU.ActiveCfg = Release|Any CPU
		{B260D770-45B5-46C3-83FF-64EB70FDE489}.Release|Any CPU.Build.0 = Release|Any CPU
		{9C7E7BB3-CD49-4E66-B26F-3C8803F1F6F0}.Debug|Any CPU.ActiveCfg = Debug|Any CPU
		{9C7E7BB3-CD49-4E66-B26F-3C8803F1F6F0}.Debug|Any CPU.Build.0 = Debug|Any CPU
		{9C7E7BB3-CD49-4E66-B26F-3C8803F1F6F0}.Release|Any CPU.ActiveCfg = Release|Any CPU
		{9C7E7BB3-CD49-4E66-B26F-3C8803F1F6F0}.Release|Any CPU.Build.0 = Release|Any CPU
		{4E172D0E-58E8-44D9-AAD1-975199BC4B80}.Debug|Any CPU.ActiveCfg = Debug|Any CPU
		{4E172D0E-58E8-44D9-AAD1-975199BC4B80}.Debug|Any CPU.Build.0 = Debug|Any CPU
		{4E172D0E-58E8-44D9-AAD1-975199BC4B80}.Release|Any CPU.ActiveCfg = Release|Any CPU
		{4E172D0E-58E8-44D9-AAD1-975199BC4B80}.Release|Any CPU.Build.0 = Release|Any CPU
		{1D183251-B5F9-4D19-9A6C-856630EDC6A9}.Debug|Any CPU.ActiveCfg = Debug|Any CPU
		{1D183251-B5F9-4D19-9A6C-856630EDC6A9}.Debug|Any CPU.Build.0 = Debug|Any CPU
		{1D183251-B5F9-4D19-9A6C-856630EDC6A9}.Release|Any CPU.ActiveCfg = Release|Any CPU
		{1D183251-B5F9-4D19-9A6C-856630EDC6A9}.Release|Any CPU.Build.0 = Release|Any CPU
		{8245E7BF-2AAA-4834-95AE-5061611A592B}.Debug|Any CPU.ActiveCfg = Debug|Any CPU
		{8245E7BF-2AAA-4834-95AE-5061611A592B}.Debug|Any CPU.Build.0 = Debug|Any CPU
		{8245E7BF-2AAA-4834-95AE-5061611A592B}.Release|Any CPU.ActiveCfg = Release|Any CPU
		{8245E7BF-2AAA-4834-95AE-5061611A592B}.Release|Any CPU.Build.0 = Release|Any CPU
		{D9637C12-FE3D-4057-A1D0-A9154A6BAB92}.Debug|Any CPU.ActiveCfg = Debug|Any CPU
		{D9637C12-FE3D-4057-A1D0-A9154A6BAB92}.Debug|Any CPU.Build.0 = Debug|Any CPU
		{D9637C12-FE3D-4057-A1D0-A9154A6BAB92}.Release|Any CPU.ActiveCfg = Release|Any CPU
		{D9637C12-FE3D-4057-A1D0-A9154A6BAB92}.Release|Any CPU.Build.0 = Release|Any CPU
		{364F96C2-798F-47C9-BF5F-3F7B0BBBCDE4}.Debug|Any CPU.ActiveCfg = Debug|Any CPU
		{364F96C2-798F-47C9-BF5F-3F7B0BBBCDE4}.Debug|Any CPU.Build.0 = Debug|Any CPU
		{364F96C2-798F-47C9-BF5F-3F7B0BBBCDE4}.Release|Any CPU.ActiveCfg = Release|Any CPU
		{364F96C2-798F-47C9-BF5F-3F7B0BBBCDE4}.Release|Any CPU.Build.0 = Release|Any CPU
		{3B581B36-9FA0-4529-9D90-9F505B58B9A0}.Debug|Any CPU.ActiveCfg = Debug|Any CPU
		{3B581B36-9FA0-4529-9D90-9F505B58B9A0}.Debug|Any CPU.Build.0 = Debug|Any CPU
		{3B581B36-9FA0-4529-9D90-9F505B58B9A0}.Release|Any CPU.ActiveCfg = Release|Any CPU
		{3B581B36-9FA0-4529-9D90-9F505B58B9A0}.Release|Any CPU.Build.0 = Release|Any CPU
		{82B5D419-A186-432A-949D-940D4B6412FD}.Debug|Any CPU.ActiveCfg = Debug|Any CPU
		{82B5D419-A186-432A-949D-940D4B6412FD}.Debug|Any CPU.Build.0 = Debug|Any CPU
		{82B5D419-A186-432A-949D-940D4B6412FD}.Release|Any CPU.ActiveCfg = Release|Any CPU
		{82B5D419-A186-432A-949D-940D4B6412FD}.Release|Any CPU.Build.0 = Release|Any CPU
		{F81AD01C-B71F-409F-BD27-DDC10560E447}.Debug|Any CPU.ActiveCfg = Debug|Any CPU
		{F81AD01C-B71F-409F-BD27-DDC10560E447}.Debug|Any CPU.Build.0 = Debug|Any CPU
		{F81AD01C-B71F-409F-BD27-DDC10560E447}.Release|Any CPU.ActiveCfg = Release|Any CPU
		{F81AD01C-B71F-409F-BD27-DDC10560E447}.Release|Any CPU.Build.0 = Release|Any CPU
		{5789D837-FC28-4EE2-AE41-1F787CA438D6}.Debug|Any CPU.ActiveCfg = Debug|Any CPU
		{5789D837-FC28-4EE2-AE41-1F787CA438D6}.Debug|Any CPU.Build.0 = Debug|Any CPU
		{5789D837-FC28-4EE2-AE41-1F787CA438D6}.Release|Any CPU.ActiveCfg = Release|Any CPU
		{5789D837-FC28-4EE2-AE41-1F787CA438D6}.Release|Any CPU.Build.0 = Release|Any CPU
		{C2231457-4E48-4F2C-9925-085B63143A40}.Debug|Any CPU.ActiveCfg = Debug|Any CPU
		{C2231457-4E48-4F2C-9925-085B63143A40}.Debug|Any CPU.Build.0 = Debug|Any CPU
		{C2231457-4E48-4F2C-9925-085B63143A40}.Release|Any CPU.ActiveCfg = Release|Any CPU
		{C2231457-4E48-4F2C-9925-085B63143A40}.Release|Any CPU.Build.0 = Release|Any CPU
	EndGlobalSection
	GlobalSection(SolutionProperties) = preSolution
		HideSolutionNode = FALSE
	EndGlobalSection
	GlobalSection(NestedProjects) = preSolution
		{4E172D0E-58E8-44D9-AAD1-975199BC4B80} = {44D6DD79-7AAC-437A-8CC9-D37115D6E40A}
		{1D183251-B5F9-4D19-9A6C-856630EDC6A9} = {44D6DD79-7AAC-437A-8CC9-D37115D6E40A}
		{8245E7BF-2AAA-4834-95AE-5061611A592B} = {44D6DD79-7AAC-437A-8CC9-D37115D6E40A}
		{C0E6918E-953A-4B8E-9D9F-6D163FBD36F3} = {3C78F109-B32F-45B5-9774-6EF5B529075E}
		{668E24C7-73AF-4EEA-B673-AF629156C4C3} = {3C78F109-B32F-45B5-9774-6EF5B529075E}
		{B260D770-45B5-46C3-83FF-64EB70FDE489} = {3C78F109-B32F-45B5-9774-6EF5B529075E}
		{9C7E7BB3-CD49-4E66-B26F-3C8803F1F6F0} = {3C78F109-B32F-45B5-9774-6EF5B529075E}
		{D9637C12-FE3D-4057-A1D0-A9154A6BAB92} = {5B79EC91-D866-4C27-9DBC-6BDC806CC09D}
		{364F96C2-798F-47C9-BF5F-3F7B0BBBCDE4} = {5B79EC91-D866-4C27-9DBC-6BDC806CC09D}
		{3B581B36-9FA0-4529-9D90-9F505B58B9A0} = {5B79EC91-D866-4C27-9DBC-6BDC806CC09D}
		{82B5D419-A186-432A-949D-940D4B6412FD} = {5B79EC91-D866-4C27-9DBC-6BDC806CC09D}
		{F81AD01C-B71F-409F-BD27-DDC10560E447} = {5B79EC91-D866-4C27-9DBC-6BDC806CC09D}
		{5789D837-FC28-4EE2-AE41-1F787CA438D6} = {B7F7DE7A-6D6F-47A0-B663-1DE2220ECC88}
		{C2231457-4E48-4F2C-9925-085B63143A40} = {B7F7DE7A-6D6F-47A0-B663-1DE2220ECC88}
	EndGlobalSection
EndGlobal
